// !$*UTF8*$!
{
	archiveVersion = 1;
	classes = {
	};
	objectVersion = 46;
	objects = {

/* Begin PBXBuildFile section */
		750F2E4D1E5D2D7100C20E79 /* AppDelegate.swift in Sources */ = {isa = PBXBuildFile; fileRef = 750F2E4C1E5D2D7100C20E79 /* AppDelegate.swift */; };
		750F2E4F1E5D2D7100C20E79 /* Assets.xcassets in Resources */ = {isa = PBXBuildFile; fileRef = 750F2E4E1E5D2D7100C20E79 /* Assets.xcassets */; };
		750F2E521E5D2D7200C20E79 /* MainMenu.xib in Resources */ = {isa = PBXBuildFile; fileRef = 750F2E501E5D2D7200C20E79 /* MainMenu.xib */; };
		75256FE220FA5ABC00ED6782 /* OGSwitch.framework in Frameworks */ = {isa = PBXBuildFile; fileRef = 75256FE120FA5ABC00ED6782 /* OGSwitch.framework */; };
		75256FE320FA5AC300ED6782 /* OGSwitch.framework in Embed Frameworks */ = {isa = PBXBuildFile; fileRef = 75256FE120FA5ABC00ED6782 /* OGSwitch.framework */; settings = {ATTRIBUTES = (CodeSignOnCopy, RemoveHeadersOnCopy, ); }; };
/* End PBXBuildFile section */

/* Begin PBXCopyFilesBuildPhase section */
		7553A35A20F5045900EEA571 /* Embed Frameworks */ = {
			isa = PBXCopyFilesBuildPhase;
			buildActionMask = 2147483647;
			dstPath = "";
			dstSubfolderSpec = 10;
			files = (
				75256FE320FA5AC300ED6782 /* OGSwitch.framework in Embed Frameworks */,
			);
			name = "Embed Frameworks";
			runOnlyForDeploymentPostprocessing = 0;
		};
/* End PBXCopyFilesBuildPhase section */

/* Begin PBXFileReference section */
		750F2E4A1E5D2D7100C20E79 /* OGSwitch-DemoDemo.app */ = {isa = PBXFileReference; explicitFileType = wrapper.application; includeInIndex = 0; path = "OGSwitch-DemoDemo.app"; sourceTree = BUILT_PRODUCTS_DIR; };
		750F2E4C1E5D2D7100C20E79 /* AppDelegate.swift */ = {isa = PBXFileReference; lastKnownFileType = sourcecode.swift; path = AppDelegate.swift; sourceTree = "<group>"; };
		750F2E4E1E5D2D7100C20E79 /* Assets.xcassets */ = {isa = PBXFileReference; lastKnownFileType = folder.assetcatalog; path = Assets.xcassets; sourceTree = "<group>"; };
		750F2E511E5D2D7200C20E79 /* Base */ = {isa = PBXFileReference; lastKnownFileType = file.xib; name = Base; path = Base.lproj/MainMenu.xib; sourceTree = "<group>"; };
		750F2E531E5D2D7200C20E79 /* Info.plist */ = {isa = PBXFileReference; lastKnownFileType = text.plist.xml; path = Info.plist; sourceTree = "<group>"; };
		75256FE120FA5ABC00ED6782 /* OGSwitch.framework */ = {isa = PBXFileReference; explicitFileType = wrapper.framework; path = OGSwitch.framework; sourceTree = BUILT_PRODUCTS_DIR; };
/* End PBXFileReference section */

/* Begin PBXFrameworksBuildPhase section */
		750F2E471E5D2D7100C20E79 /* Frameworks */ = {
			isa = PBXFrameworksBuildPhase;
			buildActionMask = 2147483647;
			files = (
				75256FE220FA5ABC00ED6782 /* OGSwitch.framework in Frameworks */,
			);
			runOnlyForDeploymentPostprocessing = 0;
		};
/* End PBXFrameworksBuildPhase section */

/* Begin PBXGroup section */
		750F2E2F1E5D2CD000C20E79 = {
			isa = PBXGroup;
			children = (
				750F2E4B1E5D2D7100C20E79 /* OGSwitchDemo */,
				750F2E3A1E5D2CD000C20E79 /* Products */,
				75256FE020FA5ABC00ED6782 /* Frameworks */,
			);
			sourceTree = "<group>";
		};
		750F2E3A1E5D2CD000C20E79 /* Products */ = {
			isa = PBXGroup;
			children = (
				750F2E4A1E5D2D7100C20E79 /* OGSwitch-DemoDemo.app */,
			);
			name = Products;
			sourceTree = "<group>";
		};
		750F2E4B1E5D2D7100C20E79 /* OGSwitchDemo */ = {
			isa = PBXGroup;
			children = (
				750F2E4C1E5D2D7100C20E79 /* AppDelegate.swift */,
				750F2E4E1E5D2D7100C20E79 /* Assets.xcassets */,
				750F2E501E5D2D7200C20E79 /* MainMenu.xib */,
				750F2E531E5D2D7200C20E79 /* Info.plist */,
			);
			path = OGSwitchDemo;
			sourceTree = "<group>";
		};
		75256FE020FA5ABC00ED6782 /* Frameworks */ = {
			isa = PBXGroup;
			children = (
				75256FE120FA5ABC00ED6782 /* OGSwitch.framework */,
			);
			name = Frameworks;
			sourceTree = "<group>";
		};
/* End PBXGroup section */

/* Begin PBXNativeTarget section */
		750F2E491E5D2D7100C20E79 /* OGSwitch-DemoDemo */ = {
			isa = PBXNativeTarget;
			buildConfigurationList = 750F2E541E5D2D7200C20E79 /* Build configuration list for PBXNativeTarget "OGSwitch-DemoDemo" */;
			buildPhases = (
				750F2E461E5D2D7100C20E79 /* Sources */,
				750F2E471E5D2D7100C20E79 /* Frameworks */,
				750F2E481E5D2D7100C20E79 /* Resources */,
				7553A35A20F5045900EEA571 /* Embed Frameworks */,
			);
			buildRules = (
			);
			dependencies = (
			);
			name = "OGSwitch-DemoDemo";
			productName = OGSwitchDemo;
			productReference = 750F2E4A1E5D2D7100C20E79 /* OGSwitch-DemoDemo.app */;
			productType = "com.apple.product-type.application";
		};
/* End PBXNativeTarget section */

/* Begin PBXProject section */
		750F2E301E5D2CD000C20E79 /* Project object */ = {
			isa = PBXProject;
			attributes = {
				LastSwiftUpdateCheck = 0820;
				LastUpgradeCheck = 1000;
				ORGANIZATIONNAME = "Oskar Groth";
				TargetAttributes = {
					750F2E491E5D2D7100C20E79 = {
						CreatedOnToolsVersion = 8.2.1;
						DevelopmentTeam = ZQK6SX26CE;
						LastSwiftMigration = 0910;
						ProvisioningStyle = Automatic;
					};
				};
			};
			buildConfigurationList = 750F2E331E5D2CD000C20E79 /* Build configuration list for PBXProject "OGSwitch-Demo" */;
			compatibilityVersion = "Xcode 3.2";
			developmentRegion = English;
			hasScannedForEncodings = 0;
			knownRegions = (
				en,
				Base,
			);
			mainGroup = 750F2E2F1E5D2CD000C20E79;
			productRefGroup = 750F2E3A1E5D2CD000C20E79 /* Products */;
			projectDirPath = "";
			projectRoot = "";
			targets = (
				750F2E491E5D2D7100C20E79 /* OGSwitch-DemoDemo */,
			);
		};
/* End PBXProject section */

/* Begin PBXResourcesBuildPhase section */
		750F2E481E5D2D7100C20E79 /* Resources */ = {
			isa = PBXResourcesBuildPhase;
			buildActionMask = 2147483647;
			files = (
				750F2E4F1E5D2D7100C20E79 /* Assets.xcassets in Resources */,
				750F2E521E5D2D7200C20E79 /* MainMenu.xib in Resources */,
			);
			runOnlyForDeploymentPostprocessing = 0;
		};
/* End PBXResourcesBuildPhase section */

/* Begin PBXSourcesBuildPhase section */
		750F2E461E5D2D7100C20E79 /* Sources */ = {
			isa = PBXSourcesBuildPhase;
			buildActionMask = 2147483647;
			files = (
				750F2E4D1E5D2D7100C20E79 /* AppDelegate.swift in Sources */,
			);
			runOnlyForDeploymentPostprocessing = 0;
		};
/* End PBXSourcesBuildPhase section */

/* Begin PBXVariantGroup section */
		750F2E501E5D2D7200C20E79 /* MainMenu.xib */ = {
			isa = PBXVariantGroup;
			children = (
				750F2E511E5D2D7200C20E79 /* Base */,
			);
			name = MainMenu.xib;
			sourceTree = "<group>";
		};
/* End PBXVariantGroup section */

/* Begin XCBuildConfiguration section */
		750F2E3F1E5D2CD000C20E79 /* Debug */ = {
			isa = XCBuildConfiguration;
			buildSettings = {
				ALWAYS_SEARCH_USER_PATHS = NO;
				CLANG_ANALYZER_NONNULL = YES;
				CLANG_CXX_LANGUAGE_STANDARD = "gnu++0x";
				CLANG_CXX_LIBRARY = "libc++";
				CLANG_ENABLE_MODULES = YES;
				CLANG_ENABLE_OBJC_ARC = YES;
				CLANG_WARN_BLOCK_CAPTURE_AUTORELEASING = YES;
				CLANG_WARN_BOOL_CONVERSION = YES;
				CLANG_WARN_COMMA = YES;
				CLANG_WARN_CONSTANT_CONVERSION = YES;
				CLANG_WARN_DEPRECATED_OBJC_IMPLEMENTATIONS = YES;
				CLANG_WARN_DIRECT_OBJC_ISA_USAGE = YES_ERROR;
				CLANG_WARN_DOCUMENTATION_COMMENTS = YES;
				CLANG_WARN_EMPTY_BODY = YES;
				CLANG_WARN_ENUM_CONVERSION = YES;
				CLANG_WARN_INFINITE_RECURSION = YES;
				CLANG_WARN_INT_CONVERSION = YES;
				CLANG_WARN_NON_LITERAL_NULL_CONVERSION = YES;
				CLANG_WARN_OBJC_IMPLICIT_RETAIN_SELF = YES;
				CLANG_WARN_OBJC_LITERAL_CONVERSION = YES;
				CLANG_WARN_OBJC_ROOT_CLASS = YES_ERROR;
				CLANG_WARN_RANGE_LOOP_ANALYSIS = YES;
				CLANG_WARN_STRICT_PROTOTYPES = YES;
				CLANG_WARN_SUSPICIOUS_MOVE = YES;
				CLANG_WARN_UNREACHABLE_CODE = YES;
				CLANG_WARN__DUPLICATE_METHOD_MATCH = YES;
				CODE_SIGN_IDENTITY = "-";
				COPY_PHASE_STRIP = NO;
				CURRENT_PROJECT_VERSION = 1;
				DEBUG_INFORMATION_FORMAT = dwarf;
				ENABLE_STRICT_OBJC_MSGSEND = YES;
				ENABLE_TESTABILITY = YES;
				GCC_C_LANGUAGE_STANDARD = gnu99;
				GCC_DYNAMIC_NO_PIC = NO;
				GCC_NO_COMMON_BLOCKS = YES;
				GCC_OPTIMIZATION_LEVEL = 0;
				GCC_PREPROCESSOR_DEFINITIONS = (
					"DEBUG=1",
					"$(inherited)",
				);
				GCC_WARN_64_TO_32_BIT_CONVERSION = YES;
				GCC_WARN_ABOUT_RETURN_TYPE = YES_ERROR;
				GCC_WARN_UNDECLARED_SELECTOR = YES;
				GCC_WARN_UNINITIALIZED_AUTOS = YES_AGGRESSIVE;
				GCC_WARN_UNUSED_FUNCTION = YES;
				GCC_WARN_UNUSED_VARIABLE = YES;
				MACOSX_DEPLOYMENT_TARGET = 10.9;
				MTL_ENABLE_DEBUG_INFO = YES;
				ONLY_ACTIVE_ARCH = YES;
				SDKROOT = macosx;
				SWIFT_ACTIVE_COMPILATION_CONDITIONS = DEBUG;
				SWIFT_OPTIMIZATION_LEVEL = "-Onone";
				SWIFT_SWIFT3_OBJC_INFERENCE = Default;
				SWIFT_VERSION = 4.0;
				VERSIONING_SYSTEM = "apple-generic";
				VERSION_INFO_PREFIX = "";
			};
			name = Debug;
		};
		750F2E401E5D2CD000C20E79 /* Release */ = {
			isa = XCBuildConfiguration;
			buildSettings = {
				ALWAYS_SEARCH_USER_PATHS = NO;
				CLANG_ANALYZER_NONNULL = YES;
				CLANG_CXX_LANGUAGE_STANDARD = "gnu++0x";
				CLANG_CXX_LIBRARY = "libc++";
				CLANG_ENABLE_MODULES = YES;
				CLANG_ENABLE_OBJC_ARC = YES;
				CLANG_WARN_BLOCK_CAPTURE_AUTORELEASING = YES;
				CLANG_WARN_BOOL_CONVERSION = YES;
				CLANG_WARN_COMMA = YES;
				CLANG_WARN_CONSTANT_CONVERSION = YES;
				CLANG_WARN_DEPRECATED_OBJC_IMPLEMENTATIONS = YES;
				CLANG_WARN_DIRECT_OBJC_ISA_USAGE = YES_ERROR;
				CLANG_WARN_DOCUMENTATION_COMMENTS = YES;
				CLANG_WARN_EMPTY_BODY = YES;
				CLANG_WARN_ENUM_CONVERSION = YES;
				CLANG_WARN_INFINITE_RECURSION = YES;
				CLANG_WARN_INT_CONVERSION = YES;
				CLANG_WARN_NON_LITERAL_NULL_CONVERSION = YES;
				CLANG_WARN_OBJC_IMPLICIT_RETAIN_SELF = YES;
				CLANG_WARN_OBJC_LITERAL_CONVERSION = YES;
				CLANG_WARN_OBJC_ROOT_CLASS = YES_ERROR;
				CLANG_WARN_RANGE_LOOP_ANALYSIS = YES;
				CLANG_WARN_STRICT_PROTOTYPES = YES;
				CLANG_WARN_SUSPICIOUS_MOVE = YES;
				CLANG_WARN_UNREACHABLE_CODE = YES;
				CLANG_WARN__DUPLICATE_METHOD_MATCH = YES;
				CODE_SIGN_IDENTITY = "-";
				COPY_PHASE_STRIP = NO;
				CURRENT_PROJECT_VERSION = 1;
				DEBUG_INFORMATION_FORMAT = "dwarf-with-dsym";
				ENABLE_NS_ASSERTIONS = NO;
				ENABLE_STRICT_OBJC_MSGSEND = YES;
				GCC_C_LANGUAGE_STANDARD = gnu99;
				GCC_NO_COMMON_BLOCKS = YES;
				GCC_WARN_64_TO_32_BIT_CONVERSION = YES;
				GCC_WARN_ABOUT_RETURN_TYPE = YES_ERROR;
				GCC_WARN_UNDECLARED_SELECTOR = YES;
				GCC_WARN_UNINITIALIZED_AUTOS = YES_AGGRESSIVE;
				GCC_WARN_UNUSED_FUNCTION = YES;
				GCC_WARN_UNUSED_VARIABLE = YES;
				MACOSX_DEPLOYMENT_TARGET = 10.9;
				MTL_ENABLE_DEBUG_INFO = NO;
				SDKROOT = macosx;
				SWIFT_OPTIMIZATION_LEVEL = "-Owholemodule";
				SWIFT_SWIFT3_OBJC_INFERENCE = Default;
				SWIFT_VERSION = 4.0;
				VERSIONING_SYSTEM = "apple-generic";
				VERSION_INFO_PREFIX = "";
			};
			name = Release;
		};
		750F2E551E5D2D7200C20E79 /* Debug */ = {
			isa = XCBuildConfiguration;
			buildSettings = {
				ALWAYS_EMBED_SWIFT_STANDARD_LIBRARIES = YES;
				ASSETCATALOG_COMPILER_APPICON_NAME = AppIcon;
				COMBINE_HIDPI_IMAGES = YES;
				DEVELOPMENT_TEAM = ZQK6SX26CE;
				INFOPLIST_FILE = OGSwitchDemo/Info.plist;
				LD_RUNPATH_SEARCH_PATHS = "$(inherited) @executable_path/../Frameworks";
				MACOSX_DEPLOYMENT_TARGET = 10.10;
				PRODUCT_BUNDLE_IDENTIFIER = org.cindori.OGSwitchDemo;
				PRODUCT_NAME = "$(TARGET_NAME)";
				SWIFT_SWIFT3_OBJC_INFERENCE = Default;
				SWIFT_VERSION = 4.0;
			};
			name = Debug;
		};
		750F2E561E5D2D7200C20E79 /* Release */ = {
			isa = XCBuildConfiguration;
			buildSettings = {
				ALWAYS_EMBED_SWIFT_STANDARD_LIBRARIES = YES;
				ASSETCATALOG_COMPILER_APPICON_NAME = AppIcon;
				COMBINE_HIDPI_IMAGES = YES;
				DEVELOPMENT_TEAM = ZQK6SX26CE;
				INFOPLIST_FILE = OGSwitchDemo/Info.plist;
				LD_RUNPATH_SEARCH_PATHS = "$(inherited) @executable_path/../Frameworks";
				MACOSX_DEPLOYMENT_TARGET = 10.10;
				PRODUCT_BUNDLE_IDENTIFIER = org.cindori.OGSwitchDemo;
				PRODUCT_NAME = "$(TARGET_NAME)";
				SWIFT_SWIFT3_OBJC_INFERENCE = Default;
				SWIFT_VERSION = 4.0;
			};
			name = Release;
		};
/* End XCBuildConfiguration section */

/* Begin XCConfigurationList section */
		750F2E331E5D2CD000C20E79 /* Build configuration list for PBXProject "OGSwitch-Demo" */ = {
			isa = XCConfigurationList;
			buildConfigurations = (
				750F2E3F1E5D2CD000C20E79 /* Debug */,
				750F2E401E5D2CD000C20E79 /* Release */,
			);
			defaultConfigurationIsVisible = 0;
			defaultConfigurationName = Release;
		};
		750F2E541E5D2D7200C20E79 /* Build configuration list for PBXNativeTarget "OGSwitch-DemoDemo" */ = {
			isa = XCConfigurationList;
			buildConfigurations = (
				750F2E551E5D2D7200C20E79 /* Debug */,
				750F2E561E5D2D7200C20E79 /* Release */,
			);
			defaultConfigurationIsVisible = 0;
			defaultConfigurationName = Release;
		};
/* End XCConfigurationList section */
	};
	rootObject = 750F2E301E5D2CD000C20E79 /* Project object */;
}
